# This is a Gradle generated file for dependency locking.
# Manual edits can break the build and are not advised.
# This file is expected to be part of source control.
app.cash.sql-psi:core:0.5.2=LanternDatabaseDialectClasspath
app.cash.sqldelight:compiler-env:2.1.0=LanternDatabaseIntellijEnv
app.cash.sqldelight:dialect-api:2.1.0=LanternDatabaseDialectClasspath
app.cash.sqldelight:jdbc-driver:2.1.0=jvmCompileClasspath
app.cash.sqldelight:migration-env:2.1.0=LanternDatabaseMigrationEnv
app.cash.sqldelight:runtime-jvm:2.1.0=debugAndroidTestCompileClasspath,debugAndroidTestRuntimeClasspath,debugCompileClasspath,debugRuntimeClasspath,debugUnitTestCompileClasspath,debugUnitTestRuntimeClasspath,jvmCompileClasspath
app.cash.sqldelight:runtime:2.1.0=debugAndroidTestCompileClasspath,debugAndroidTestRuntimeClasspath,debugCompileClasspath,debugRuntimeClasspath,debugUnitTestCompileClasspath,debugUnitTestRuntimeClasspath,jvmCompileClasspath
app.cash.sqldelight:sqlite-3-18-dialect:2.1.0=LanternDatabaseDialectClasspath
app.cash.sqldelight:sqlite-driver:2.1.0=jvmCompileClasspath
com.squareup:kotlinpoet-jvm:1.18.1=LanternDatabaseDialectClasspath
com.squareup:kotlinpoet:1.18.1=LanternDatabaseDialectClasspath
org.jetbrains.intellij.deps:trove4j:1.0.20200330=kotlinBuildToolsApiClasspath,kotlinCompilerClasspath
org.jetbrains.kotlin:kotlin-build-tools-api:2.1.21=kotlinBuildToolsApiClasspath
org.jetbrains.kotlin:kotlin-build-tools-impl:2.1.21=kotlinBuildToolsApiClasspath
org.jetbrains.kotlin:kotlin-compiler-embeddable:2.1.21=kotlinBuildToolsApiClasspath,kotlinCompilerClasspath
org.jetbrains.kotlin:kotlin-compiler-runner:2.1.21=kotlinBuildToolsApiClasspath
org.jetbrains.kotlin:kotlin-daemon-client:2.1.21=kotlinBuildToolsApiClasspath
org.jetbrains.kotlin:kotlin-daemon-embeddable:2.1.21=kotlinBuildToolsApiClasspath,kotlinCompilerClasspath
org.jetbrains.kotlin:kotlin-reflect:1.6.10=kotlinBuildToolsApiClasspath,kotlinCompilerClasspath
org.jetbrains.kotlin:kotlin-reflect:2.0.0=LanternDatabaseDialectClasspath
org.jetbrains.kotlin:kotlin-script-runtime:2.1.21=kotlinBuildToolsApiClasspath,kotlinCompilerClasspath,kotlinCompilerPluginClasspathAndroidDebug,kotlinCompilerPluginClasspathJvmMain
org.jetbrains.kotlin:kotlin-scripting-common:2.1.21=kotlinBuildToolsApiClasspath,kotlinCompilerPluginClasspathAndroidDebug,kotlinCompilerPluginClasspathJvmMain
org.jetbrains.kotlin:kotlin-scripting-compiler-embeddable:2.1.21=kotlinBuildToolsApiClasspath,kotlinCompilerPluginClasspathAndroidDebug,kotlinCompilerPluginClasspathJvmMain
org.jetbrains.kotlin:kotlin-scripting-compiler-impl-embeddable:2.1.21=kotlinBuildToolsApiClasspath,kotlinCompilerPluginClasspathAndroidDebug,kotlinCompilerPluginClasspathJvmMain
org.jetbrains.kotlin:kotlin-scripting-jvm:2.1.21=kotlinBuildToolsApiClasspath,kotlinCompilerPluginClasspathAndroidDebug,kotlinCompilerPluginClasspathJvmMain
org.jetbrains.kotlin:kotlin-stdlib:2.0.20=LanternDatabaseIntellijEnv,LanternDatabaseMigrationEnv
org.jetbrains.kotlin:kotlin-stdlib:2.1.21=LanternDatabaseDialectClasspath,debugAndroidTestCompileClasspath,debugAndroidTestRuntimeClasspath,debugCompileClasspath,debugRuntimeClasspath,debugUnitTestCompileClasspath,debugUnitTestRuntimeClasspath,jvmCompileClasspath,kotlinBuildToolsApiClasspath,kotlinCompilerClasspath,kotlinCompilerPluginClasspathAndroidDebug,kotlinCompilerPluginClasspathJvmMain
org.jetbrains.kotlinx:kotlinx-coroutines-bom:1.10.2=debugAndroidTestCompileClasspath,debugAndroidTestRuntimeClasspath,debugCompileClasspath,debugRuntimeClasspath,debugUnitTestCompileClasspath,debugUnitTestRuntimeClasspath,jvmCompileClasspath
org.jetbrains.kotlinx:kotlinx-coroutines-core-jvm:1.10.2=debugAndroidTestCompileClasspath,debugAndroidTestRuntimeClasspath,debugCompileClasspath,debugRuntimeClasspath,debugUnitTestCompileClasspath,debugUnitTestRuntimeClasspath,jvmCompileClasspath
org.jetbrains.kotlinx:kotlinx-coroutines-core-jvm:1.8.0=kotlinBuildToolsApiClasspath,kotlinCompilerClasspath
org.jetbrains.kotlinx:kotlinx-coroutines-core:1.10.2=debugAndroidTestCompileClasspath,debugAndroidTestRuntimeClasspath,debugCompileClasspath,debugRuntimeClasspath,debugUnitTestCompileClasspath,debugUnitTestRuntimeClasspath,jvmCompileClasspath
org.jetbrains:annotations:13.0=LanternDatabaseDialectClasspath,LanternDatabaseIntellijEnv,LanternDatabaseMigrationEnv,kotlinBuildToolsApiClasspath,kotlinCompilerClasspath,kotlinCompilerPluginClasspathAndroidDebug,kotlinCompilerPluginClasspathJvmMain
org.jetbrains:annotations:23.0.0=debugAndroidTestCompileClasspath,debugAndroidTestRuntimeClasspath,debugCompileClasspath,debugRuntimeClasspath,debugUnitTestCompileClasspath,debugUnitTestRuntimeClasspath,jvmCompileClasspath
empty=androidApis,debugAnnotationProcessorClasspath,kotlinScriptDefExtensions,lintChecks,lintPublish
